// !$*UTF8*$!
{
	archiveVersion = 1;
	classes = {
	};
	objectVersion = 50;
	objects = {

/* Begin PBXBuildFile section */
		DA10C2F521652E850009FA70 /* participants.swift in Sources */ = {isa = PBXBuildFile; fileRef = DA10C2F421652E850009FA70 /* participants.swift */; };
		DA10C2FD21690EE30009FA70 /* ParticipantsTableViewController.swift in Sources */ = {isa = PBXBuildFile; fileRef = DA10C2FC21690EE30009FA70 /* ParticipantsTableViewController.swift */; };
		DA10C30021691B3A0009FA70 /* ParticipantTableViewCell.swift in Sources */ = {isa = PBXBuildFile; fileRef = DA10C2FE21691B3A0009FA70 /* ParticipantTableViewCell.swift */; };
		DA10C30121691B3A0009FA70 /* ParticipantTableViewCell.xib in Resources */ = {isa = PBXBuildFile; fileRef = DA10C2FF21691B3A0009FA70 /* ParticipantTableViewCell.xib */; };
		DA10C3032169CDD00009FA70 /* visitors.swift in Sources */ = {isa = PBXBuildFile; fileRef = DA10C3022169CDD00009FA70 /* visitors.swift */; };
		DA10C3052169CF760009FA70 /* VisitorsTableViewController.swift in Sources */ = {isa = PBXBuildFile; fileRef = DA10C3042169CF760009FA70 /* VisitorsTableViewController.swift */; };
		DA10C3082169D66E0009FA70 /* VisitorTableViewCell.swift in Sources */ = {isa = PBXBuildFile; fileRef = DA10C3062169D66E0009FA70 /* VisitorTableViewCell.swift */; };
		DA10C3092169D66E0009FA70 /* VisitorTableViewCell.xib in Resources */ = {isa = PBXBuildFile; fileRef = DA10C3072169D66E0009FA70 /* VisitorTableViewCell.xib */; };
		DA10C30F216A6CB80009FA70 /* owners.swift in Sources */ = {isa = PBXBuildFile; fileRef = DA10C30E216A6CB80009FA70 /* owners.swift */; };
		DA10C32A216CF0530009FA70 /* OwnerTableViewController.swift in Sources */ = {isa = PBXBuildFile; fileRef = DA10C329216CF0530009FA70 /* OwnerTableViewController.swift */; };
		DA10C32D216CF1A70009FA70 /* OwnerTableViewCell.swift in Sources */ = {isa = PBXBuildFile; fileRef = DA10C32B216CF1A70009FA70 /* OwnerTableViewCell.swift */; };
		DA10C32E216CF1A70009FA70 /* OwnerTableViewCell.xib in Resources */ = {isa = PBXBuildFile; fileRef = DA10C32C216CF1A70009FA70 /* OwnerTableViewCell.xib */; };
		DA10C330216CFE570009FA70 /* VIsitorHPViewController.swift in Sources */ = {isa = PBXBuildFile; fileRef = DA10C32F216CFE570009FA70 /* VIsitorHPViewController.swift */; };
		DA10C332216D07600009FA70 /* ParticipantHPViewController.swift in Sources */ = {isa = PBXBuildFile; fileRef = DA10C331216D07600009FA70 /* ParticipantHPViewController.swift */; };
		DA10C334216D0AC30009FA70 /* OwnerHPViewController.swift in Sources */ = {isa = PBXBuildFile; fileRef = DA10C333216D0AC30009FA70 /* OwnerHPViewController.swift */; };
		DA10C3432173ABE50009FA70 /* ParticipantProfileViewController.swift in Sources */ = {isa = PBXBuildFile; fileRef = DA10C3422173ABE50009FA70 /* ParticipantProfileViewController.swift */; };
		DA10C34B2173B7520009FA70 /* VisitorProfileViewController.swift in Sources */ = {isa = PBXBuildFile; fileRef = DA10C34A2173B7520009FA70 /* VisitorProfileViewController.swift */; };
		DA10C34D2173C0740009FA70 /* OwnerProfileViewController.swift in Sources */ = {isa = PBXBuildFile; fileRef = DA10C34C2173C0740009FA70 /* OwnerProfileViewController.swift */; };
		DA10C351217855C50009FA70 /* ViewEventsViewController.swift in Sources */ = {isa = PBXBuildFile; fileRef = DA10C350217855C50009FA70 /* ViewEventsViewController.swift */; };
		DA10C35921785C7D0009FA70 /* events.swift in Sources */ = {isa = PBXBuildFile; fileRef = DA10C35821785C7D0009FA70 /* events.swift */; };
		DA10C360217CFDBF0009FA70 /* ViewEventsTableViewCell.swift in Sources */ = {isa = PBXBuildFile; fileRef = DA10C35E217CFDBF0009FA70 /* ViewEventsTableViewCell.swift */; };
		DA10C361217CFDBF0009FA70 /* ViewEventsTableViewCell.xib in Resources */ = {isa = PBXBuildFile; fileRef = DA10C35F217CFDBF0009FA70 /* ViewEventsTableViewCell.xib */; };
		DA10C363217E5E200009FA70 /* ParticipantViewEventsViewController.swift in Sources */ = {isa = PBXBuildFile; fileRef = DA10C362217E5E200009FA70 /* ParticipantViewEventsViewController.swift */; };
		DA10C365217E61880009FA70 /* OwnerViewEventsViewController.swift in Sources */ = {isa = PBXBuildFile; fileRef = DA10C364217E61880009FA70 /* OwnerViewEventsViewController.swift */; };
		DA10C367217E6DAB0009FA70 /* GeneralViewEventsViewController.swift in Sources */ = {isa = PBXBuildFile; fileRef = DA10C366217E6DAB0009FA70 /* GeneralViewEventsViewController.swift */; };
		DA10C369218198540009FA70 /* BookATicketViewController.swift in Sources */ = {isa = PBXBuildFile; fileRef = DA10C368218198540009FA70 /* BookATicketViewController.swift */; };
		DA488088216268C900D1FEB3 /* Participant_forgotPasswordViewController.swift in Sources */ = {isa = PBXBuildFile; fileRef = DA488087216268C900D1FEB3 /* Participant_forgotPasswordViewController.swift */; };
		DA718F3421502DF500839FA5 /* AppDelegate.swift in Sources */ = {isa = PBXBuildFile; fileRef = DA718F3321502DF500839FA5 /* AppDelegate.swift */; };
		DA718F3621502DF500839FA5 /* ViewController.swift in Sources */ = {isa = PBXBuildFile; fileRef = DA718F3521502DF500839FA5 /* ViewController.swift */; };
		DA718F3921502DF500839FA5 /* Main.storyboard in Resources */ = {isa = PBXBuildFile; fileRef = DA718F3721502DF500839FA5 /* Main.storyboard */; };
		DA718F3B21502DF600839FA5 /* Assets.xcassets in Resources */ = {isa = PBXBuildFile; fileRef = DA718F3A21502DF600839FA5 /* Assets.xcassets */; };
		DA718F3E21502DF600839FA5 /* LaunchScreen.storyboard in Resources */ = {isa = PBXBuildFile; fileRef = DA718F3C21502DF600839FA5 /* LaunchScreen.storyboard */; };
		DA718F4921502DF600839FA5 /* ShibakTathakerTests.swift in Sources */ = {isa = PBXBuildFile; fileRef = DA718F4821502DF600839FA5 /* ShibakTathakerTests.swift */; };
		DA718F5421502DF600839FA5 /* ShibakTathakerUITests.swift in Sources */ = {isa = PBXBuildFile; fileRef = DA718F5321502DF600839FA5 /* ShibakTathakerUITests.swift */; };
		DAA18EC52152627400E79969 /* SQLite.framework in Frameworks */ = {isa = PBXBuildFile; fileRef = DAA18EB7215261F200E79969 /* SQLite.framework */; };
		DAA18EC62152629200E79969 /* SQLite.framework in Frameworks */ = {isa = PBXBuildFile; fileRef = DAA18EB7215261F200E79969 /* SQLite.framework */; };
		DAA18EC72152629200E79969 /* SQLite.framework in Embed Frameworks */ = {isa = PBXBuildFile; fileRef = DAA18EB7215261F200E79969 /* SQLite.framework */; settings = {ATTRIBUTES = (CodeSignOnCopy, RemoveHeadersOnCopy, ); }; };
		DAA35CC02154E41C00365AD1 /* Owner registration view.swift in Sources */ = {isa = PBXBuildFile; fileRef = DAA35CBF2154E41C00365AD1 /* Owner registration view.swift */; };
		DAA35CC82154FEED00365AD1 /* Participant_registration.swift in Sources */ = {isa = PBXBuildFile; fileRef = DAA35CC72154FEED00365AD1 /* Participant_registration.swift */; };
		DAA35CCA21557DED00365AD1 /* Visitor_registration.swift in Sources */ = {isa = PBXBuildFile; fileRef = DAA35CC921557DED00365AD1 /* Visitor_registration.swift */; };
		DAA35CCD2157ADD500365AD1 /* Owner_loginViewController.swift in Sources */ = {isa = PBXBuildFile; fileRef = DAA35CCC2157ADD500365AD1 /* Owner_loginViewController.swift */; };
		DAA35CD52157C4B600365AD1 /* Visitor_loginViewController.swift in Sources */ = {isa = PBXBuildFile; fileRef = DAA35CD42157C4B600365AD1 /* Visitor_loginViewController.swift */; };
		DAA35CD72157C69600365AD1 /* Participant_loginViewController.swift in Sources */ = {isa = PBXBuildFile; fileRef = DAA35CD62157C69600365AD1 /* Participant_loginViewController.swift */; };
		F01C59E32185887E009ABF66 /* participants_EditProfileViewController.swift in Sources */ = {isa = PBXBuildFile; fileRef = F01C59E22185887E009ABF66 /* participants_EditProfileViewController.swift */; };
		F01C59E521858950009ABF66 /* Owner_EditProfileViewController.swift in Sources */ = {isa = PBXBuildFile; fileRef = F01C59E421858950009ABF66 /* Owner_EditProfileViewController.swift */; };
		F0E4A5792169DA59005EE6A2 /* Owner_AddEvent.swift in Sources */ = {isa = PBXBuildFile; fileRef = F0E4A5782169DA59005EE6A2 /* Owner_AddEvent.swift */; };
/* End PBXBuildFile section */

/* Begin PBXContainerItemProxy section */
		DA718F4521502DF600839FA5 /* PBXContainerItemProxy */ = {
			isa = PBXContainerItemProxy;
			containerPortal = DA718F2821502DF500839FA5 /* Project object */;
			proxyType = 1;
			remoteGlobalIDString = DA718F2F21502DF500839FA5;
			remoteInfo = ShibakTathaker;
		};
		DA718F5021502DF600839FA5 /* PBXContainerItemProxy */ = {
			isa = PBXContainerItemProxy;
			containerPortal = DA718F2821502DF500839FA5 /* Project object */;
			proxyType = 1;
			remoteGlobalIDString = DA718F2F21502DF500839FA5;
			remoteInfo = ShibakTathaker;
		};
		DAA18EB6215261F200E79969 /* PBXContainerItemProxy */ = {
			isa = PBXContainerItemProxy;
			containerPortal = DAA18EAC215261F100E79969 /* SQLite.xcodeproj */;
			proxyType = 2;
			remoteGlobalIDString = EE247AD31C3F04ED00AE3E12;
			remoteInfo = "SQLite iOS";
		};
		DAA18EB8215261F200E79969 /* PBXContainerItemProxy */ = {
			isa = PBXContainerItemProxy;
			containerPortal = DAA18EAC215261F100E79969 /* SQLite.xcodeproj */;
			proxyType = 2;
			remoteGlobalIDString = EE247ADD1C3F04ED00AE3E12;
			remoteInfo = "SQLiteTests iOS";
		};
		DAA18EBA215261F200E79969 /* PBXContainerItemProxy */ = {
			isa = PBXContainerItemProxy;
			containerPortal = DAA18EAC215261F100E79969 /* SQLite.xcodeproj */;
			proxyType = 2;
			remoteGlobalIDString = EE247B3C1C3F3ED000AE3E12;
			remoteInfo = "SQLite Mac";
		};
		DAA18EBC215261F200E79969 /* PBXContainerItemProxy */ = {
			isa = PBXContainerItemProxy;
			containerPortal = DAA18EAC215261F100E79969 /* SQLite.xcodeproj */;
			proxyType = 2;
			remoteGlobalIDString = EE247B451C3F3ED000AE3E12;
			remoteInfo = "SQLiteTests Mac";
		};
		DAA18EBE215261F200E79969 /* PBXContainerItemProxy */ = {
			isa = PBXContainerItemProxy;
			containerPortal = DAA18EAC215261F100E79969 /* SQLite.xcodeproj */;
			proxyType = 2;
			remoteGlobalIDString = 03A65E5A1C6BB0F50062603F;
			remoteInfo = "SQLite tvOS";
		};
		DAA18EC0215261F200E79969 /* PBXContainerItemProxy */ = {
			isa = PBXContainerItemProxy;
			containerPortal = DAA18EAC215261F100E79969 /* SQLite.xcodeproj */;
			proxyType = 2;
			remoteGlobalIDString = 03A65E631C6BB0F60062603F;
			remoteInfo = "SQLiteTests tvOS";
		};
		DAA18EC2215261F200E79969 /* PBXContainerItemProxy */ = {
			isa = PBXContainerItemProxy;
			containerPortal = DAA18EAC215261F100E79969 /* SQLite.xcodeproj */;
			proxyType = 2;
			remoteGlobalIDString = A121AC451CA35C79005A31D1;
			remoteInfo = "SQLite watchOS";
		};
		DAA18EC82152629200E79969 /* PBXContainerItemProxy */ = {
			isa = PBXContainerItemProxy;
			containerPortal = DAA18EAC215261F100E79969 /* SQLite.xcodeproj */;
			proxyType = 1;
			remoteGlobalIDString = EE247AD21C3F04ED00AE3E12;
			remoteInfo = "SQLite iOS";
		};
/* End PBXContainerItemProxy section */

/* Begin PBXCopyFilesBuildPhase section */
		DAA18ECA2152629200E79969 /* Embed Frameworks */ = {
			isa = PBXCopyFilesBuildPhase;
			buildActionMask = 2147483647;
			dstPath = "";
			dstSubfolderSpec = 10;
			files = (
				DAA18EC72152629200E79969 /* SQLite.framework in Embed Frameworks */,
			);
			name = "Embed Frameworks";
			runOnlyForDeploymentPostprocessing = 0;
		};
/* End PBXCopyFilesBuildPhase section */

/* Begin PBXFileReference section */
		DA10C2EC2165208E0009FA70 /* ShibakTathaker-Bridging-Header.h */ = {isa = PBXFileReference; lastKnownFileType = sourcecode.c.h; path = "ShibakTathaker-Bridging-Header.h"; sourceTree = "<group>"; };
		DA10C2F421652E850009FA70 /* participants.swift */ = {isa = PBXFileReference; lastKnownFileType = sourcecode.swift; path = participants.swift; sourceTree = "<group>"; };
		DA10C2FC21690EE30009FA70 /* ParticipantsTableViewController.swift */ = {isa = PBXFileReference; lastKnownFileType = sourcecode.swift; path = ParticipantsTableViewController.swift; sourceTree = "<group>"; };
		DA10C2FE21691B3A0009FA70 /* ParticipantTableViewCell.swift */ = {isa = PBXFileReference; lastKnownFileType = sourcecode.swift; path = ParticipantTableViewCell.swift; sourceTree = SOURCE_ROOT; };
		DA10C2FF21691B3A0009FA70 /* ParticipantTableViewCell.xib */ = {isa = PBXFileReference; lastKnownFileType = file.xib; path = ParticipantTableViewCell.xib; sourceTree = SOURCE_ROOT; };
		DA10C3022169CDD00009FA70 /* visitors.swift */ = {isa = PBXFileReference; lastKnownFileType = sourcecode.swift; path = visitors.swift; sourceTree = SOURCE_ROOT; };
		DA10C3042169CF760009FA70 /* VisitorsTableViewController.swift */ = {isa = PBXFileReference; lastKnownFileType = sourcecode.swift; path = VisitorsTableViewController.swift; sourceTree = SOURCE_ROOT; };
		DA10C3062169D66E0009FA70 /* VisitorTableViewCell.swift */ = {isa = PBXFileReference; lastKnownFileType = sourcecode.swift; path = VisitorTableViewCell.swift; sourceTree = SOURCE_ROOT; };
		DA10C3072169D66E0009FA70 /* VisitorTableViewCell.xib */ = {isa = PBXFileReference; lastKnownFileType = file.xib; path = VisitorTableViewCell.xib; sourceTree = SOURCE_ROOT; };
		DA10C30E216A6CB80009FA70 /* owners.swift */ = {isa = PBXFileReference; lastKnownFileType = sourcecode.swift; path = owners.swift; sourceTree = SOURCE_ROOT; };
		DA10C329216CF0530009FA70 /* OwnerTableViewController.swift */ = {isa = PBXFileReference; lastKnownFileType = sourcecode.swift; path = OwnerTableViewController.swift; sourceTree = SOURCE_ROOT; };
		DA10C32B216CF1A70009FA70 /* OwnerTableViewCell.swift */ = {isa = PBXFileReference; lastKnownFileType = sourcecode.swift; path = OwnerTableViewCell.swift; sourceTree = SOURCE_ROOT; };
		DA10C32C216CF1A70009FA70 /* OwnerTableViewCell.xib */ = {isa = PBXFileReference; lastKnownFileType = file.xib; path = OwnerTableViewCell.xib; sourceTree = SOURCE_ROOT; };
		DA10C32F216CFE570009FA70 /* VIsitorHPViewController.swift */ = {isa = PBXFileReference; lastKnownFileType = sourcecode.swift; path = VIsitorHPViewController.swift; sourceTree = SOURCE_ROOT; };
		DA10C331216D07600009FA70 /* ParticipantHPViewController.swift */ = {isa = PBXFileReference; lastKnownFileType = sourcecode.swift; path = ParticipantHPViewController.swift; sourceTree = SOURCE_ROOT; };
		DA10C333216D0AC30009FA70 /* OwnerHPViewController.swift */ = {isa = PBXFileReference; lastKnownFileType = sourcecode.swift; path = OwnerHPViewController.swift; sourceTree = SOURCE_ROOT; };
		DA10C3422173ABE50009FA70 /* ParticipantProfileViewController.swift */ = {isa = PBXFileReference; lastKnownFileType = sourcecode.swift; path = ParticipantProfileViewController.swift; sourceTree = SOURCE_ROOT; };
		DA10C34A2173B7520009FA70 /* VisitorProfileViewController.swift */ = {isa = PBXFileReference; lastKnownFileType = sourcecode.swift; path = VisitorProfileViewController.swift; sourceTree = "<group>"; };
		DA10C34C2173C0740009FA70 /* OwnerProfileViewController.swift */ = {isa = PBXFileReference; lastKnownFileType = sourcecode.swift; path = OwnerProfileViewController.swift; sourceTree = SOURCE_ROOT; };
		DA10C350217855C50009FA70 /* ViewEventsViewController.swift */ = {isa = PBXFileReference; lastKnownFileType = sourcecode.swift; path = ViewEventsViewController.swift; sourceTree = SOURCE_ROOT; };
		DA10C35821785C7D0009FA70 /* events.swift */ = {isa = PBXFileReference; lastKnownFileType = sourcecode.swift; path = events.swift; sourceTree = SOURCE_ROOT; };
		DA10C35E217CFDBF0009FA70 /* ViewEventsTableViewCell.swift */ = {isa = PBXFileReference; lastKnownFileType = sourcecode.swift; path = ViewEventsTableViewCell.swift; sourceTree = "<group>"; };
		DA10C35F217CFDBF0009FA70 /* ViewEventsTableViewCell.xib */ = {isa = PBXFileReference; lastKnownFileType = file.xib; path = ViewEventsTableViewCell.xib; sourceTree = "<group>"; };
		DA10C362217E5E200009FA70 /* ParticipantViewEventsViewController.swift */ = {isa = PBXFileReference; lastKnownFileType = sourcecode.swift; path = ParticipantViewEventsViewController.swift; sourceTree = SOURCE_ROOT; };
		DA10C364217E61880009FA70 /* OwnerViewEventsViewController.swift */ = {isa = PBXFileReference; lastKnownFileType = sourcecode.swift; path = OwnerViewEventsViewController.swift; sourceTree = "<group>"; };
		DA10C366217E6DAB0009FA70 /* GeneralViewEventsViewController.swift */ = {isa = PBXFileReference; lastKnownFileType = sourcecode.swift; path = GeneralViewEventsViewController.swift; sourceTree = SOURCE_ROOT; };
		DA10C368218198540009FA70 /* BookATicketViewController.swift */ = {isa = PBXFileReference; lastKnownFileType = sourcecode.swift; path = BookATicketViewController.swift; sourceTree = SOURCE_ROOT; };
		DA488087216268C900D1FEB3 /* Participant_forgotPasswordViewController.swift */ = {isa = PBXFileReference; lastKnownFileType = sourcecode.swift; path = Participant_forgotPasswordViewController.swift; sourceTree = SOURCE_ROOT; };
		DA718F3021502DF500839FA5 /* ShibakTathaker.app */ = {isa = PBXFileReference; explicitFileType = wrapper.application; includeInIndex = 0; path = ShibakTathaker.app; sourceTree = BUILT_PRODUCTS_DIR; };
		DA718F3321502DF500839FA5 /* AppDelegate.swift */ = {isa = PBXFileReference; lastKnownFileType = sourcecode.swift; path = AppDelegate.swift; sourceTree = "<group>"; };
		DA718F3521502DF500839FA5 /* ViewController.swift */ = {isa = PBXFileReference; lastKnownFileType = sourcecode.swift; path = ViewController.swift; sourceTree = "<group>"; };
		DA718F3821502DF500839FA5 /* Base */ = {isa = PBXFileReference; lastKnownFileType = file.storyboard; name = Base; path = Base.lproj/Main.storyboard; sourceTree = "<group>"; };
		DA718F3A21502DF600839FA5 /* Assets.xcassets */ = {isa = PBXFileReference; lastKnownFileType = folder.assetcatalog; path = Assets.xcassets; sourceTree = "<group>"; };
		DA718F3D21502DF600839FA5 /* Base */ = {isa = PBXFileReference; lastKnownFileType = file.storyboard; name = Base; path = Base.lproj/LaunchScreen.storyboard; sourceTree = "<group>"; };
		DA718F3F21502DF600839FA5 /* Info.plist */ = {isa = PBXFileReference; lastKnownFileType = text.plist.xml; path = Info.plist; sourceTree = "<group>"; };
		DA718F4421502DF600839FA5 /* ShibakTathakerTests.xctest */ = {isa = PBXFileReference; explicitFileType = wrapper.cfbundle; includeInIndex = 0; path = ShibakTathakerTests.xctest; sourceTree = BUILT_PRODUCTS_DIR; };
		DA718F4821502DF600839FA5 /* ShibakTathakerTests.swift */ = {isa = PBXFileReference; lastKnownFileType = sourcecode.swift; path = ShibakTathakerTests.swift; sourceTree = "<group>"; };
		DA718F4A21502DF600839FA5 /* Info.plist */ = {isa = PBXFileReference; lastKnownFileType = text.plist.xml; path = Info.plist; sourceTree = "<group>"; };
		DA718F4F21502DF600839FA5 /* ShibakTathakerUITests.xctest */ = {isa = PBXFileReference; explicitFileType = wrapper.cfbundle; includeInIndex = 0; path = ShibakTathakerUITests.xctest; sourceTree = BUILT_PRODUCTS_DIR; };
		DA718F5321502DF600839FA5 /* ShibakTathakerUITests.swift */ = {isa = PBXFileReference; lastKnownFileType = sourcecode.swift; path = ShibakTathakerUITests.swift; sourceTree = "<group>"; };
		DA718F5521502DF600839FA5 /* Info.plist */ = {isa = PBXFileReference; lastKnownFileType = text.plist.xml; path = Info.plist; sourceTree = "<group>"; };
		DAA18EAC215261F100E79969 /* SQLite.xcodeproj */ = {isa = PBXFileReference; lastKnownFileType = "wrapper.pb-project"; name = SQLite.xcodeproj; path = "../../Downloads/SQLite.swift-master/SQLite.xcodeproj"; sourceTree = "<group>"; };
		DAA35CBF2154E41C00365AD1 /* Owner registration view.swift */ = {isa = PBXFileReference; lastKnownFileType = sourcecode.swift; path = "Owner registration view.swift"; sourceTree = SOURCE_ROOT; };
		DAA35CC72154FEED00365AD1 /* Participant_registration.swift */ = {isa = PBXFileReference; lastKnownFileType = sourcecode.swift; path = Participant_registration.swift; sourceTree = SOURCE_ROOT; };
		DAA35CC921557DED00365AD1 /* Visitor_registration.swift */ = {isa = PBXFileReference; lastKnownFileType = sourcecode.swift; path = Visitor_registration.swift; sourceTree = SOURCE_ROOT; };
		DAA35CCC2157ADD500365AD1 /* Owner_loginViewController.swift */ = {isa = PBXFileReference; lastKnownFileType = sourcecode.swift; path = Owner_loginViewController.swift; sourceTree = SOURCE_ROOT; };
		DAA35CD42157C4B600365AD1 /* Visitor_loginViewController.swift */ = {isa = PBXFileReference; lastKnownFileType = sourcecode.swift; path = Visitor_loginViewController.swift; sourceTree = SOURCE_ROOT; };
		DAA35CD62157C69600365AD1 /* Participant_loginViewController.swift */ = {isa = PBXFileReference; lastKnownFileType = sourcecode.swift; path = Participant_loginViewController.swift; sourceTree = SOURCE_ROOT; };
		F01C59E22185887E009ABF66 /* participants_EditProfileViewController.swift */ = {isa = PBXFileReference; lastKnownFileType = sourcecode.swift; path = participants_EditProfileViewController.swift; sourceTree = SOURCE_ROOT; };
		F01C59E421858950009ABF66 /* Owner_EditProfileViewController.swift */ = {isa = PBXFileReference; lastKnownFileType = sourcecode.swift; path = Owner_EditProfileViewController.swift; sourceTree = "<group>"; };
		F0E4A5782169DA59005EE6A2 /* Owner_AddEvent.swift */ = {isa = PBXFileReference; lastKnownFileType = sourcecode.swift; path = Owner_AddEvent.swift; sourceTree = "<group>"; };
/* End PBXFileReference section */

/* Begin PBXFrameworksBuildPhase section */
		DA718F2D21502DF500839FA5 /* Frameworks */ = {
			isa = PBXFrameworksBuildPhase;
			buildActionMask = 2147483647;
			files = (
				DAA18EC62152629200E79969 /* SQLite.framework in Frameworks */,
				DAA18EC52152627400E79969 /* SQLite.framework in Frameworks */,
			);
			runOnlyForDeploymentPostprocessing = 0;
		};
		DA718F4121502DF600839FA5 /* Frameworks */ = {
			isa = PBXFrameworksBuildPhase;
			buildActionMask = 2147483647;
			files = (
			);
			runOnlyForDeploymentPostprocessing = 0;
		};
		DA718F4C21502DF600839FA5 /* Frameworks */ = {
			isa = PBXFrameworksBuildPhase;
			buildActionMask = 2147483647;
			files = (
			);
			runOnlyForDeploymentPostprocessing = 0;
		};
/* End PBXFrameworksBuildPhase section */

/* Begin PBXGroup section */
		DA718F2721502DF500839FA5 = {
			isa = PBXGroup;
			children = (
				DA718F3221502DF500839FA5 /* ShibakTathaker */,
				DA718F4721502DF600839FA5 /* ShibakTathakerTests */,
				DA718F5221502DF600839FA5 /* ShibakTathakerUITests */,
				DA718F3121502DF500839FA5 /* Products */,
				DAA18EAC215261F100E79969 /* SQLite.xcodeproj */,
				DAA18EC42152627400E79969 /* Frameworks */,
			);
			sourceTree = "<group>";
		};
		DA718F3121502DF500839FA5 /* Products */ = {
			isa = PBXGroup;
			children = (
				DA718F3021502DF500839FA5 /* ShibakTathaker.app */,
				DA718F4421502DF600839FA5 /* ShibakTathakerTests.xctest */,
				DA718F4F21502DF600839FA5 /* ShibakTathakerUITests.xctest */,
			);
			name = Products;
			sourceTree = "<group>";
		};
		DA718F3221502DF500839FA5 /* ShibakTathaker */ = {
			isa = PBXGroup;
			children = (
				DA718F3321502DF500839FA5 /* AppDelegate.swift */,
				DA718F3521502DF500839FA5 /* ViewController.swift */,
				DA718F3721502DF500839FA5 /* Main.storyboard */,
				F01C59E421858950009ABF66 /* Owner_EditProfileViewController.swift */,
				F01C59E22185887E009ABF66 /* participants_EditProfileViewController.swift */,
				DA10C364217E61880009FA70 /* OwnerViewEventsViewController.swift */,
				DA10C366217E6DAB0009FA70 /* GeneralViewEventsViewController.swift */,
				DA10C362217E5E200009FA70 /* ParticipantViewEventsViewController.swift */,
				DA10C35E217CFDBF0009FA70 /* ViewEventsTableViewCell.swift */,
				DA10C35F217CFDBF0009FA70 /* ViewEventsTableViewCell.xib */,
				DA10C368218198540009FA70 /* BookATicketViewController.swift */,
				DA10C350217855C50009FA70 /* ViewEventsViewController.swift */,
				DA10C35821785C7D0009FA70 /* events.swift */,
				DA10C34A2173B7520009FA70 /* VisitorProfileViewController.swift */,
				DA10C3422173ABE50009FA70 /* ParticipantProfileViewController.swift */,
				DA10C333216D0AC30009FA70 /* OwnerHPViewController.swift */,
				DA10C331216D07600009FA70 /* ParticipantHPViewController.swift */,
				DA10C32F216CFE570009FA70 /* VIsitorHPViewController.swift */,
				DA10C329216CF0530009FA70 /* OwnerTableViewController.swift */,
				DA10C30E216A6CB80009FA70 /* owners.swift */,
				F0E4A5782169DA59005EE6A2 /* Owner_AddEvent.swift */,
				DA10C3062169D66E0009FA70 /* VisitorTableViewCell.swift */,
				DA10C3072169D66E0009FA70 /* VisitorTableViewCell.xib */,
				DA10C2FE21691B3A0009FA70 /* ParticipantTableViewCell.swift */,
				DA10C2FF21691B3A0009FA70 /* ParticipantTableViewCell.xib */,
				DA10C2F421652E850009FA70 /* participants.swift */,
				DA10C3022169CDD00009FA70 /* visitors.swift */,
				DA10C3042169CF760009FA70 /* VisitorsTableViewController.swift */,
				DA10C2FC21690EE30009FA70 /* ParticipantsTableViewController.swift */,
				DA10C32B216CF1A70009FA70 /* OwnerTableViewCell.swift */,
				DA10C32C216CF1A70009FA70 /* OwnerTableViewCell.xib */,
				DA488087216268C900D1FEB3 /* Participant_forgotPasswordViewController.swift */,
				DAA35CD62157C69600365AD1 /* Participant_loginViewController.swift */,
				DAA35CD42157C4B600365AD1 /* Visitor_loginViewController.swift */,
				DAA35CCC2157ADD500365AD1 /* Owner_loginViewController.swift */,
				DAA35CC921557DED00365AD1 /* Visitor_registration.swift */,
				DAA35CC72154FEED00365AD1 /* Participant_registration.swift */,
				DAA35CBF2154E41C00365AD1 /* Owner registration view.swift */,
				DA718F3A21502DF600839FA5 /* Assets.xcassets */,
				DA10C34C2173C0740009FA70 /* OwnerProfileViewController.swift */,
				DA718F3C21502DF600839FA5 /* LaunchScreen.storyboard */,
				DA718F3F21502DF600839FA5 /* Info.plist */,
				DA10C2EC2165208E0009FA70 /* ShibakTathaker-Bridging-Header.h */,
			);
			path = ShibakTathaker;
			sourceTree = "<group>";
		};
		DA718F4721502DF600839FA5 /* ShibakTathakerTests */ = {
			isa = PBXGroup;
			children = (
				DA718F4821502DF600839FA5 /* ShibakTathakerTests.swift */,
				DA718F4A21502DF600839FA5 /* Info.plist */,
			);
			path = ShibakTathakerTests;
			sourceTree = "<group>";
		};
		DA718F5221502DF600839FA5 /* ShibakTathakerUITests */ = {
			isa = PBXGroup;
			children = (
				DA718F5321502DF600839FA5 /* ShibakTathakerUITests.swift */,
				DA718F5521502DF600839FA5 /* Info.plist */,
			);
			path = ShibakTathakerUITests;
			sourceTree = "<group>";
		};
		DAA18EAD215261F100E79969 /* Products */ = {
			isa = PBXGroup;
			children = (
				DAA18EB7215261F200E79969 /* SQLite.framework */,
				DAA18EB9215261F200E79969 /* SQLiteTests iOS.xctest */,
				DAA18EBB215261F200E79969 /* SQLite.framework */,
				DAA18EBD215261F200E79969 /* SQLiteTests Mac.xctest */,
				DAA18EBF215261F200E79969 /* SQLite.framework */,
				DAA18EC1215261F200E79969 /* SQLiteTests tvOS.xctest */,
				DAA18EC3215261F200E79969 /* SQLite.framework */,
			);
			name = Products;
			sourceTree = "<group>";
		};
		DAA18EC42152627400E79969 /* Frameworks */ = {
			isa = PBXGroup;
			children = (
			);
			name = Frameworks;
			sourceTree = "<group>";
		};
/* End PBXGroup section */

/* Begin PBXNativeTarget section */
		DA718F2F21502DF500839FA5 /* ShibakTathaker */ = {
			isa = PBXNativeTarget;
			buildConfigurationList = DA718F5821502DF600839FA5 /* Build configuration list for PBXNativeTarget "ShibakTathaker" */;
			buildPhases = (
				DA718F2C21502DF500839FA5 /* Sources */,
				DA718F2D21502DF500839FA5 /* Frameworks */,
				DA718F2E21502DF500839FA5 /* Resources */,
				DAA18ECA2152629200E79969 /* Embed Frameworks */,
			);
			buildRules = (
			);
			dependencies = (
				DAA18EC92152629200E79969 /* PBXTargetDependency */,
			);
			name = ShibakTathaker;
			productName = ShibakTathaker;
			productReference = DA718F3021502DF500839FA5 /* ShibakTathaker.app */;
			productType = "com.apple.product-type.application";
		};
		DA718F4321502DF600839FA5 /* ShibakTathakerTests */ = {
			isa = PBXNativeTarget;
			buildConfigurationList = DA718F5B21502DF600839FA5 /* Build configuration list for PBXNativeTarget "ShibakTathakerTests" */;
			buildPhases = (
				DA718F4021502DF600839FA5 /* Sources */,
				DA718F4121502DF600839FA5 /* Frameworks */,
				DA718F4221502DF600839FA5 /* Resources */,
			);
			buildRules = (
			);
			dependencies = (
				DA718F4621502DF600839FA5 /* PBXTargetDependency */,
			);
			name = ShibakTathakerTests;
			productName = ShibakTathakerTests;
			productReference = DA718F4421502DF600839FA5 /* ShibakTathakerTests.xctest */;
			productType = "com.apple.product-type.bundle.unit-test";
		};
		DA718F4E21502DF600839FA5 /* ShibakTathakerUITests */ = {
			isa = PBXNativeTarget;
			buildConfigurationList = DA718F5E21502DF600839FA5 /* Build configuration list for PBXNativeTarget "ShibakTathakerUITests" */;
			buildPhases = (
				DA718F4B21502DF600839FA5 /* Sources */,
				DA718F4C21502DF600839FA5 /* Frameworks */,
				DA718F4D21502DF600839FA5 /* Resources */,
			);
			buildRules = (
			);
			dependencies = (
				DA718F5121502DF600839FA5 /* PBXTargetDependency */,
			);
			name = ShibakTathakerUITests;
			productName = ShibakTathakerUITests;
			productReference = DA718F4F21502DF600839FA5 /* ShibakTathakerUITests.xctest */;
			productType = "com.apple.product-type.bundle.ui-testing";
		};
/* End PBXNativeTarget section */

/* Begin PBXProject section */
		DA718F2821502DF500839FA5 /* Project object */ = {
			isa = PBXProject;
			attributes = {
				LastSwiftUpdateCheck = 1000;
				LastUpgradeCheck = 1000;
				ORGANIZATIONNAME = "Muneera AlDaoud";
				TargetAttributes = {
					DA718F2F21502DF500839FA5 = {
						CreatedOnToolsVersion = 10.0;
						LastSwiftMigration = 1000;
					};
					DA718F4321502DF600839FA5 = {
						CreatedOnToolsVersion = 10.0;
						TestTargetID = DA718F2F21502DF500839FA5;
					};
					DA718F4E21502DF600839FA5 = {
						CreatedOnToolsVersion = 10.0;
						TestTargetID = DA718F2F21502DF500839FA5;
					};
				};
			};
			buildConfigurationList = DA718F2B21502DF500839FA5 /* Build configuration list for PBXProject "ShibakTathaker" */;
			compatibilityVersion = "Xcode 9.3";
			developmentRegion = en;
			hasScannedForEncodings = 0;
			knownRegions = (
				en,
				Base,
			);
			mainGroup = DA718F2721502DF500839FA5;
			productRefGroup = DA718F3121502DF500839FA5 /* Products */;
			projectDirPath = "";
			projectReferences = (
				{
					ProductGroup = DAA18EAD215261F100E79969 /* Products */;
					ProjectRef = DAA18EAC215261F100E79969 /* SQLite.xcodeproj */;
				},
			);
			projectRoot = "";
			targets = (
				DA718F2F21502DF500839FA5 /* ShibakTathaker */,
				DA718F4321502DF600839FA5 /* ShibakTathakerTests */,
				DA718F4E21502DF600839FA5 /* ShibakTathakerUITests */,
			);
		};
/* End PBXProject section */

/* Begin PBXReferenceProxy section */
		DAA18EB7215261F200E79969 /* SQLite.framework */ = {
			isa = PBXReferenceProxy;
			fileType = wrapper.framework;
			path = SQLite.framework;
			remoteRef = DAA18EB6215261F200E79969 /* PBXContainerItemProxy */;
			sourceTree = BUILT_PRODUCTS_DIR;
		};
		DAA18EB9215261F200E79969 /* SQLiteTests iOS.xctest */ = {
			isa = PBXReferenceProxy;
			fileType = wrapper.cfbundle;
			path = "SQLiteTests iOS.xctest";
			remoteRef = DAA18EB8215261F200E79969 /* PBXContainerItemProxy */;
			sourceTree = BUILT_PRODUCTS_DIR;
		};
		DAA18EBB215261F200E79969 /* SQLite.framework */ = {
			isa = PBXReferenceProxy;
			fileType = wrapper.framework;
			path = SQLite.framework;
			remoteRef = DAA18EBA215261F200E79969 /* PBXContainerItemProxy */;
			sourceTree = BUILT_PRODUCTS_DIR;
		};
		DAA18EBD215261F200E79969 /* SQLiteTests Mac.xctest */ = {
			isa = PBXReferenceProxy;
			fileType = wrapper.cfbundle;
			path = "SQLiteTests Mac.xctest";
			remoteRef = DAA18EBC215261F200E79969 /* PBXContainerItemProxy */;
			sourceTree = BUILT_PRODUCTS_DIR;
		};
		DAA18EBF215261F200E79969 /* SQLite.framework */ = {
			isa = PBXReferenceProxy;
			fileType = wrapper.framework;
			path = SQLite.framework;
			remoteRef = DAA18EBE215261F200E79969 /* PBXContainerItemProxy */;
			sourceTree = BUILT_PRODUCTS_DIR;
		};
		DAA18EC1215261F200E79969 /* SQLiteTests tvOS.xctest */ = {
			isa = PBXReferenceProxy;
			fileType = wrapper.cfbundle;
			path = "SQLiteTests tvOS.xctest";
			remoteRef = DAA18EC0215261F200E79969 /* PBXContainerItemProxy */;
			sourceTree = BUILT_PRODUCTS_DIR;
		};
		DAA18EC3215261F200E79969 /* SQLite.framework */ = {
			isa = PBXReferenceProxy;
			fileType = wrapper.framework;
			path = SQLite.framework;
			remoteRef = DAA18EC2215261F200E79969 /* PBXContainerItemProxy */;
			sourceTree = BUILT_PRODUCTS_DIR;
		};
/* End PBXReferenceProxy section */

/* Begin PBXResourcesBuildPhase section */
		DA718F2E21502DF500839FA5 /* Resources */ = {
			isa = PBXResourcesBuildPhase;
			buildActionMask = 2147483647;
			files = (
				DA718F3E21502DF600839FA5 /* LaunchScreen.storyboard in Resources */,
				DA718F3B21502DF600839FA5 /* Assets.xcassets in Resources */,
				DA718F3921502DF500839FA5 /* Main.storyboard in Resources */,
				DA10C30121691B3A0009FA70 /* ParticipantTableViewCell.xib in Resources */,
				DA10C361217CFDBF0009FA70 /* ViewEventsTableViewCell.xib in Resources */,
				DA10C3092169D66E0009FA70 /* VisitorTableViewCell.xib in Resources */,
				DA10C32E216CF1A70009FA70 /* OwnerTableViewCell.xib in Resources */,
			);
			runOnlyForDeploymentPostprocessing = 0;
		};
		DA718F4221502DF600839FA5 /* Resources */ = {
			isa = PBXResourcesBuildPhase;
			buildActionMask = 2147483647;
			files = (
			);
			runOnlyForDeploymentPostprocessing = 0;
		};
		DA718F4D21502DF600839FA5 /* Resources */ = {
			isa = PBXResourcesBuildPhase;
			buildActionMask = 2147483647;
			files = (
			);
			runOnlyForDeploymentPostprocessing = 0;
		};
/* End PBXResourcesBuildPhase section */

/* Begin PBXSourcesBuildPhase section */
		DA718F2C21502DF500839FA5 /* Sources */ = {
			isa = PBXSourcesBuildPhase;
			buildActionMask = 2147483647;
			files = (
				DA10C3082169D66E0009FA70 /* VisitorTableViewCell.swift in Sources */,
				DA10C32D216CF1A70009FA70 /* OwnerTableViewCell.swift in Sources */,
				DA10C3032169CDD00009FA70 /* visitors.swift in Sources */,
				DA10C330216CFE570009FA70 /* VIsitorHPViewController.swift in Sources */,
				F01C59E521858950009ABF66 /* Owner_EditProfileViewController.swift in Sources */,
				DA10C351217855C50009FA70 /* ViewEventsViewController.swift in Sources */,
				DAA35CC02154E41C00365AD1 /* Owner registration view.swift in Sources */,
				DA718F3621502DF500839FA5 /* ViewController.swift in Sources */,
				DA10C360217CFDBF0009FA70 /* ViewEventsTableViewCell.swift in Sources */,
				DA10C365217E61880009FA70 /* OwnerViewEventsViewController.swift in Sources */,
				DA10C369218198540009FA70 /* BookATicketViewController.swift in Sources */,
				F0E4A5792169DA59005EE6A2 /* Owner_AddEvent.swift in Sources */,
				DA488088216268C900D1FEB3 /* Participant_forgotPasswordViewController.swift in Sources */,
				DA10C2F521652E850009FA70 /* participants.swift in Sources */,
				DA10C332216D07600009FA70 /* ParticipantHPViewController.swift in Sources */,
				DA10C30F216A6CB80009FA70 /* owners.swift in Sources */,
				DAA35CCD2157ADD500365AD1 /* Owner_loginViewController.swift in Sources */,
				DA10C3432173ABE50009FA70 /* ParticipantProfileViewController.swift in Sources */,
				DA10C3052169CF760009FA70 /* VisitorsTableViewController.swift in Sources */,
				F01C59E32185887E009ABF66 /* participants_EditProfileViewController.swift in Sources */,
				DAA35CCA21557DED00365AD1 /* Visitor_registration.swift in Sources */,
				DA10C34D2173C0740009FA70 /* OwnerProfileViewController.swift in Sources */,
				DAA35CC82154FEED00365AD1 /* Participant_registration.swift in Sources */,
				DAA35CD52157C4B600365AD1 /* Visitor_loginViewController.swift in Sources */,
				DA10C367217E6DAB0009FA70 /* GeneralViewEventsViewController.swift in Sources */,
				DA10C34B2173B7520009FA70 /* VisitorProfileViewController.swift in Sources */,
				DA10C2FD21690EE30009FA70 /* ParticipantsTableViewController.swift in Sources */,
				DA10C35921785C7D0009FA70 /* events.swift in Sources */,
				DA10C363217E5E200009FA70 /* ParticipantViewEventsViewController.swift in Sources */,
				DAA35CD72157C69600365AD1 /* Participant_loginViewController.swift in Sources */,
				DA10C334216D0AC30009FA70 /* OwnerHPViewController.swift in Sources */,
				DA718F3421502DF500839FA5 /* AppDelegate.swift in Sources */,
				DA10C30021691B3A0009FA70 /* ParticipantTableViewCell.swift in Sources */,
				DA10C32A216CF0530009FA70 /* OwnerTableViewController.swift in Sources */,
			);
			runOnlyForDeploymentPostprocessing = 0;
		};
		DA718F4021502DF600839FA5 /* Sources */ = {
			isa = PBXSourcesBuildPhase;
			buildActionMask = 2147483647;
			files = (
				DA718F4921502DF600839FA5 /* ShibakTathakerTests.swift in Sources */,
			);
			runOnlyForDeploymentPostprocessing = 0;
		};
		DA718F4B21502DF600839FA5 /* Sources */ = {
			isa = PBXSourcesBuildPhase;
			buildActionMask = 2147483647;
			files = (
				DA718F5421502DF600839FA5 /* ShibakTathakerUITests.swift in Sources */,
			);
			runOnlyForDeploymentPostprocessing = 0;
		};
/* End PBXSourcesBuildPhase section */

/* Begin PBXTargetDependency section */
		DA718F4621502DF600839FA5 /* PBXTargetDependency */ = {
			isa = PBXTargetDependency;
			target = DA718F2F21502DF500839FA5 /* ShibakTathaker */;
			targetProxy = DA718F4521502DF600839FA5 /* PBXContainerItemProxy */;
		};
		DA718F5121502DF600839FA5 /* PBXTargetDependency */ = {
			isa = PBXTargetDependency;
			target = DA718F2F21502DF500839FA5 /* ShibakTathaker */;
			targetProxy = DA718F5021502DF600839FA5 /* PBXContainerItemProxy */;
		};
		DAA18EC92152629200E79969 /* PBXTargetDependency */ = {
			isa = PBXTargetDependency;
			name = "SQLite iOS";
			targetProxy = DAA18EC82152629200E79969 /* PBXContainerItemProxy */;
		};
/* End PBXTargetDependency section */

/* Begin PBXVariantGroup section */
		DA718F3721502DF500839FA5 /* Main.storyboard */ = {
			isa = PBXVariantGroup;
			children = (
				DA718F3821502DF500839FA5 /* Base */,
			);
			name = Main.storyboard;
			sourceTree = "<group>";
		};
		DA718F3C21502DF600839FA5 /* LaunchScreen.storyboard */ = {
			isa = PBXVariantGroup;
			children = (
				DA718F3D21502DF600839FA5 /* Base */,
			);
			name = LaunchScreen.storyboard;
			sourceTree = "<group>";
		};
/* End PBXVariantGroup section */

/* Begin XCBuildConfiguration section */
		DA718F5621502DF600839FA5 /* Debug */ = {
			isa = XCBuildConfiguration;
			buildSettings = {
				ALWAYS_SEARCH_USER_PATHS = NO;
				CLANG_ANALYZER_NONNULL = YES;
				CLANG_ANALYZER_NUMBER_OBJECT_CONVERSION = YES_AGGRESSIVE;
				CLANG_CXX_LANGUAGE_STANDARD = "gnu++14";
				CLANG_CXX_LIBRARY = "libc++";
				CLANG_ENABLE_MODULES = YES;
				CLANG_ENABLE_OBJC_ARC = YES;
				CLANG_ENABLE_OBJC_WEAK = YES;
				CLANG_WARN_BLOCK_CAPTURE_AUTORELEASING = YES;
				CLANG_WARN_BOOL_CONVERSION = YES;
				CLANG_WARN_COMMA = YES;
				CLANG_WARN_CONSTANT_CONVERSION = YES;
				CLANG_WARN_DEPRECATED_OBJC_IMPLEMENTATIONS = YES;
				CLANG_WARN_DIRECT_OBJC_ISA_USAGE = YES_ERROR;
				CLANG_WARN_DOCUMENTATION_COMMENTS = YES;
				CLANG_WARN_EMPTY_BODY = YES;
				CLANG_WARN_ENUM_CONVERSION = YES;
				CLANG_WARN_INFINITE_RECURSION = YES;
				CLANG_WARN_INT_CONVERSION = YES;
				CLANG_WARN_NON_LITERAL_NULL_CONVERSION = YES;
				CLANG_WARN_OBJC_IMPLICIT_RETAIN_SELF = YES;
				CLANG_WARN_OBJC_LITERAL_CONVERSION = YES;
				CLANG_WARN_OBJC_ROOT_CLASS = YES_ERROR;
				CLANG_WARN_RANGE_LOOP_ANALYSIS = YES;
				CLANG_WARN_STRICT_PROTOTYPES = YES;
				CLANG_WARN_SUSPICIOUS_MOVE = YES;
				CLANG_WARN_UNGUARDED_AVAILABILITY = YES_AGGRESSIVE;
				CLANG_WARN_UNREACHABLE_CODE = YES;
				CLANG_WARN__DUPLICATE_METHOD_MATCH = YES;
				CODE_SIGN_IDENTITY = "iPhone Developer";
				COPY_PHASE_STRIP = NO;
				DEBUG_INFORMATION_FORMAT = dwarf;
				ENABLE_STRICT_OBJC_MSGSEND = YES;
				ENABLE_TESTABILITY = YES;
				GCC_C_LANGUAGE_STANDARD = gnu11;
				GCC_DYNAMIC_NO_PIC = NO;
				GCC_NO_COMMON_BLOCKS = YES;
				GCC_OPTIMIZATION_LEVEL = 0;
				GCC_PREPROCESSOR_DEFINITIONS = (
					"DEBUG=1",
					"$(inherited)",
				);
				GCC_WARN_64_TO_32_BIT_CONVERSION = YES;
				GCC_WARN_ABOUT_RETURN_TYPE = YES_ERROR;
				GCC_WARN_UNDECLARED_SELECTOR = YES;
				GCC_WARN_UNINITIALIZED_AUTOS = YES_AGGRESSIVE;
				GCC_WARN_UNUSED_FUNCTION = YES;
				GCC_WARN_UNUSED_VARIABLE = YES;
				IPHONEOS_DEPLOYMENT_TARGET = 12.0;
				MTL_ENABLE_DEBUG_INFO = INCLUDE_SOURCE;
				MTL_FAST_MATH = YES;
				ONLY_ACTIVE_ARCH = YES;
				SDKROOT = iphoneos;
				SWIFT_ACTIVE_COMPILATION_CONDITIONS = DEBUG;
				SWIFT_OPTIMIZATION_LEVEL = "-Onone";
			};
			name = Debug;
		};
		DA718F5721502DF600839FA5 /* Release */ = {
			isa = XCBuildConfiguration;
			buildSettings = {
				ALWAYS_SEARCH_USER_PATHS = NO;
				CLANG_ANALYZER_NONNULL = YES;
				CLANG_ANALYZER_NUMBER_OBJECT_CONVERSION = YES_AGGRESSIVE;
				CLANG_CXX_LANGUAGE_STANDARD = "gnu++14";
				CLANG_CXX_LIBRARY = "libc++";
				CLANG_ENABLE_MODULES = YES;
				CLANG_ENABLE_OBJC_ARC = YES;
				CLANG_ENABLE_OBJC_WEAK = YES;
				CLANG_WARN_BLOCK_CAPTURE_AUTORELEASING = YES;
				CLANG_WARN_BOOL_CONVERSION = YES;
				CLANG_WARN_COMMA = YES;
				CLANG_WARN_CONSTANT_CONVERSION = YES;
				CLANG_WARN_DEPRECATED_OBJC_IMPLEMENTATIONS = YES;
				CLANG_WARN_DIRECT_OBJC_ISA_USAGE = YES_ERROR;
				CLANG_WARN_DOCUMENTATION_COMMENTS = YES;
				CLANG_WARN_EMPTY_BODY = YES;
				CLANG_WARN_ENUM_CONVERSION = YES;
				CLANG_WARN_INFINITE_RECURSION = YES;
				CLANG_WARN_INT_CONVERSION = YES;
				CLANG_WARN_NON_LITERAL_NULL_CONVERSION = YES;
				CLANG_WARN_OBJC_IMPLICIT_RETAIN_SELF = YES;
				CLANG_WARN_OBJC_LITERAL_CONVERSION = YES;
				CLANG_WARN_OBJC_ROOT_CLASS = YES_ERROR;
				CLANG_WARN_RANGE_LOOP_ANALYSIS = YES;
				CLANG_WARN_STRICT_PROTOTYPES = YES;
				CLANG_WARN_SUSPICIOUS_MOVE = YES;
				CLANG_WARN_UNGUARDED_AVAILABILITY = YES_AGGRESSIVE;
				CLANG_WARN_UNREACHABLE_CODE = YES;
				CLANG_WARN__DUPLICATE_METHOD_MATCH = YES;
				CODE_SIGN_IDENTITY = "iPhone Developer";
				COPY_PHASE_STRIP = NO;
				DEBUG_INFORMATION_FORMAT = "dwarf-with-dsym";
				ENABLE_NS_ASSERTIONS = NO;
				ENABLE_STRICT_OBJC_MSGSEND = YES;
				GCC_C_LANGUAGE_STANDARD = gnu11;
				GCC_NO_COMMON_BLOCKS = YES;
				GCC_WARN_64_TO_32_BIT_CONVERSION = YES;
				GCC_WARN_ABOUT_RETURN_TYPE = YES_ERROR;
				GCC_WARN_UNDECLARED_SELECTOR = YES;
				GCC_WARN_UNINITIALIZED_AUTOS = YES_AGGRESSIVE;
				GCC_WARN_UNUSED_FUNCTION = YES;
				GCC_WARN_UNUSED_VARIABLE = YES;
				IPHONEOS_DEPLOYMENT_TARGET = 12.0;
				MTL_ENABLE_DEBUG_INFO = NO;
				MTL_FAST_MATH = YES;
				SDKROOT = iphoneos;
				SWIFT_COMPILATION_MODE = wholemodule;
				SWIFT_OPTIMIZATION_LEVEL = "-O";
				VALIDATE_PRODUCT = YES;
			};
			name = Release;
		};
		DA718F5921502DF600839FA5 /* Debug */ = {
			isa = XCBuildConfiguration;
			buildSettings = {
				ALWAYS_EMBED_SWIFT_STANDARD_LIBRARIES = YES;
				ASSETCATALOG_COMPILER_APPICON_NAME = AppIcon;
				CLANG_ENABLE_MODULES = YES;
				CODE_SIGN_STYLE = Automatic;
				DEVELOPMENT_TEAM = 4646D4PVN5;
				INFOPLIST_FILE = ShibakTathaker/Info.plist;
				IPHONEOS_DEPLOYMENT_TARGET = 10.3;
				LD_RUNPATH_SEARCH_PATHS = (
					"$(inherited)",
					"@executable_path/Frameworks",
				);
				PRODUCT_NAME = "$(TARGET_NAME)";
				SWIFT_OBJC_BRIDGING_HEADER = "ShibakTathaker/ShibakTathaker-Bridging-Header.h";
				SWIFT_OPTIMIZATION_LEVEL = "-Onone";
				SWIFT_VERSION = 4.2;
				TARGETED_DEVICE_FAMILY = "1,2";
			};
			name = Debug;
		};
		DA718F5A21502DF600839FA5 /* Release */ = {
			isa = XCBuildConfiguration;
			buildSettings = {
				ALWAYS_EMBED_SWIFT_STANDARD_LIBRARIES = YES;
				ASSETCATALOG_COMPILER_APPICON_NAME = AppIcon;
				CLANG_ENABLE_MODULES = YES;
				CODE_SIGN_STYLE = Automatic;
				DEVELOPMENT_TEAM = 4646D4PVN5;
				INFOPLIST_FILE = ShibakTathaker/Info.plist;
				IPHONEOS_DEPLOYMENT_TARGET = 10.3;
				LD_RUNPATH_SEARCH_PATHS = (
					"$(inherited)",
					"@executable_path/Frameworks",
				);
				PRODUCT_NAME = "$(TARGET_NAME)";
				SWIFT_OBJC_BRIDGING_HEADER = "ShibakTathaker/ShibakTathaker-Bridging-Header.h";
				SWIFT_VERSION = 4.2;
				TARGETED_DEVICE_FAMILY = "1,2";
			};
			name = Release;
		};
		DA718F5C21502DF600839FA5 /* Debug */ = {
			isa = XCBuildConfiguration;
			buildSettings = {
				ALWAYS_EMBED_SWIFT_STANDARD_LIBRARIES = YES;
				BUNDLE_LOADER = "$(TEST_HOST)";
				CODE_SIGN_STYLE = Automatic;
				INFOPLIST_FILE = ShibakTathakerTests/Info.plist;
				LD_RUNPATH_SEARCH_PATHS = (
					"$(inherited)",
					"@executable_path/Frameworks",
					"@loader_path/Frameworks",
				);
				PRODUCT_BUNDLE_IDENTIFIER = KSU.ShibakTathakerTests;
				PRODUCT_NAME = "$(TARGET_NAME)";
				SWIFT_VERSION = 4.2;
				TARGETED_DEVICE_FAMILY = "1,2";
				TEST_HOST = "$(BUILT_PRODUCTS_DIR)/ShibakTathaker.app/ShibakTathaker";
			};
			name = Debug;
		};
		DA718F5D21502DF600839FA5 /* Release */ = {
			isa = XCBuildConfiguration;
			buildSettings = {
				ALWAYS_EMBED_SWIFT_STANDARD_LIBRARIES = YES;
				BUNDLE_LOADER = "$(TEST_HOST)";
				CODE_SIGN_STYLE = Automatic;
				INFOPLIST_FILE = ShibakTathakerTests/Info.plist;
				LD_RUNPATH_SEARCH_PATHS = (
					"$(inherited)",
					"@executable_path/Frameworks",
					"@loader_path/Frameworks",
				);
				PRODUCT_BUNDLE_IDENTIFIER = KSU.ShibakTathakerTests;
				PRODUCT_NAME = "$(TARGET_NAME)";
				SWIFT_VERSION = 4.2;
				TARGETED_DEVICE_FAMILY = "1,2";
				TEST_HOST = "$(BUILT_PRODUCTS_DIR)/ShibakTathaker.app/ShibakTathaker";
			};
			name = Release;
		};
		DA718F5F21502DF600839FA5 /* Debug */ = {
			isa = XCBuildConfiguration;
			buildSettings = {
				ALWAYS_EMBED_SWIFT_STANDARD_LIBRARIES = YES;
				CODE_SIGN_STYLE = Automatic;
				INFOPLIST_FILE = ShibakTathakerUITests/Info.plist;
				LD_RUNPATH_SEARCH_PATHS = (
					"$(inherited)",
					"@executable_path/Frameworks",
					"@loader_path/Frameworks",
				);
				PRODUCT_BUNDLE_IDENTIFIER = KSU.ShibakTathakerUITests;
				PRODUCT_NAME = "$(TARGET_NAME)";
				SWIFT_VERSION = 4.2;
				TARGETED_DEVICE_FAMILY = "1,2";
				TEST_TARGET_NAME = ShibakTathaker;
			};
			name = Debug;
		};
		DA718F6021502DF600839FA5 /* Release */ = {
			isa = XCBuildConfiguration;
			buildSettings = {
				ALWAYS_EMBED_SWIFT_STANDARD_LIBRARIES = YES;
				CODE_SIGN_STYLE = Automatic;
				INFOPLIST_FILE = ShibakTathakerUITests/Info.plist;
				LD_RUNPATH_SEARCH_PATHS = (
					"$(inherited)",
					"@executable_path/Frameworks",
					"@loader_path/Frameworks",
				);
				PRODUCT_BUNDLE_IDENTIFIER = KSU.ShibakTathakerUITests;
				PRODUCT_NAME = "$(TARGET_NAME)";
				SWIFT_VERSION = 4.2;
				TARGETED_DEVICE_FAMILY = "1,2";
				TEST_TARGET_NAME = ShibakTathaker;
			};
			name = Release;
		};
/* End XCBuildConfiguration section */

/* Begin XCConfigurationList section */
		DA718F2B21502DF500839FA5 /* Build configuration list for PBXProject "ShibakTathaker" */ = {
			isa = XCConfigurationList;
			buildConfigurations = (
				DA718F5621502DF600839FA5 /* Debug */,
				DA718F5721502DF600839FA5 /* Release */,
			);
			defaultConfigurationIsVisible = 0;
			defaultConfigurationName = Release;
		};
		DA718F5821502DF600839FA5 /* Build configuration list for PBXNativeTarget "ShibakTathaker" */ = {
			isa = XCConfigurationList;
			buildConfigurations = (
				DA718F5921502DF600839FA5 /* Debug */,
				DA718F5A21502DF600839FA5 /* Release */,
			);
			defaultConfigurationIsVisible = 0;
			defaultConfigurationName = Release;
		};
		DA718F5B21502DF600839FA5 /* Build configuration list for PBXNativeTarget "ShibakTathakerTests" */ = {
			isa = XCConfigurationList;
			buildConfigurations = (
				DA718F5C21502DF600839FA5 /* Debug */,
				DA718F5D21502DF600839FA5 /* Release */,
			);
			defaultConfigurationIsVisible = 0;
			defaultConfigurationName = Release;
		};
		DA718F5E21502DF600839FA5 /* Build configuration list for PBXNativeTarget "ShibakTathakerUITests" */ = {
			isa = XCConfigurationList;
			buildConfigurations = (
				DA718F5F21502DF600839FA5 /* Debug */,
				DA718F6021502DF600839FA5 /* Release */,
			);
			defaultConfigurationIsVisible = 0;
			defaultConfigurationName = Release;
		};
/* End XCConfigurationList section */
	};
	rootObject = DA718F2821502DF500839FA5 /* Project object */;
}
